<?xml version="1.0" encoding="utf-8"?>
<Project ToolsVersion="4.0" xmlns="http://schemas.microsoft.com/developer/msbuild/2003">
  <ItemGroup>
    <Filter Include="Source Files">
      <UniqueIdentifier>{4FC737F1-C7A5-4376-A066-2A32D752A2FF}</UniqueIdentifier>
      <Extensions>cpp;c;cc;cxx;c++;cppm;ixx;def;odl;idl;hpj;bat;asm;asmx</Extensions>
    </Filter>
    <Filter Include="Header Files">
      <UniqueIdentifier>{93995380-89BD-4b04-88EB-625FBE52EBFB}</UniqueIdentifier>
      <Extensions>h;hh;hpp;hxx;h++;hm;inl;inc;ipp;xsd</Extensions>
    </Filter>
    <Filter Include="XAML Files">
      <UniqueIdentifier>{67DA6AB6-F800-4c08-8B7A-83BB121AAD01}</UniqueIdentifier>
      <Extensions>xaml</Extensions>
    </Filter>
    <Filter Include="IDL Files">
      <UniqueIdentifier>{D4D0CC85-E44F-4b5a-B6AA-2E3B03A8F8AE}</UniqueIdentifier>
      <Extensions>idl</Extensions>
    </Filter>
    <Filter Include="Common">
      <UniqueIdentifier>{A5B2C3D4-E5F6-1234-5678-9ABCDEF01234}</UniqueIdentifier>
    </Filter>
  </ItemGroup>
  <ItemGroup>
    <ApplicationDefinition Include="App.xaml">
      <Filter>XAML Files</Filter>
    </ApplicationDefinition>
    <Page Include="MainWindow.xaml">
      <Filter>XAML Files</Filter>
    </Page>
    <Page Include="DevicePage.xaml">
      <Filter>XAML Files</Filter>
    </Page>
    <Page Include="OptionsPage.xaml">
      <Filter>XAML Files</Filter>
    </Page>
    <Page Include="TopologyPage.xaml">
      <Filter>XAML Files</Filter>
    </Page>
    <Page Include="UserIdlePage.xaml">
      <Filter>XAML Files</Filter>
    </Page>
    <Page Include="WhitelistDialog.xaml">
      <Filter>XAML Files</Filter>
    </Page>
  </ItemGroup>
  <ItemGroup>
    <ClCompile Include="pch.cpp">
      <Filter>Source Files</Filter>
    </ClCompile>
    <ClCompile Include="App.xaml.cpp">
      <Filter>Source Files</Filter>
    </ClCompile>
    <ClCompile Include="MainWindow.xaml.cpp">
      <Filter>Source Files</Filter>
    </ClCompile>
    <ClCompile Include="DevicePage.xaml.cpp">
      <Filter>Source Files</Filter>
    </ClCompile>
    <ClCompile Include="OptionsPage.xaml.cpp">
      <Filter>Source Files</Filter>
    </ClCompile>
    <ClCompile Include="TopologyPage.xaml.cpp">
      <Filter>Source Files</Filter>
    </ClCompile>
    <ClCompile Include="UserIdlePage.xaml.cpp">
      <Filter>Source Files</Filter>
    </ClCompile>
    <ClCompile Include="WhitelistDialog.xaml.cpp">
      <Filter>Source Files</Filter>
    </ClCompile>
    <ClCompile Include="..\Common\ipc_v2.cpp">
      <Filter>Common</Filter>
    </ClCompile>
    <ClCompile Include="..\Common\log.cpp">
      <Filter>Common</Filter>
    </ClCompile>
    <ClCompile Include="..\Common\preferences.cpp">
      <Filter>Common</Filter>
    </ClCompile>
    <ClCompile Include="..\Common\tools.cpp">
      <Filter>Common</Filter>
    </ClCompile>
  </ItemGroup>
  <ItemGroup>
    <ClInclude Include="pch.h">
      <Filter>Header Files</Filter>
    </ClInclude>
    <ClInclude Include="App.xaml.h">
      <Filter>Header Files</Filter>
    </ClInclude>
    <ClInclude Include="MainWindow.xaml.h">
      <Filter>Header Files</Filter>
    </ClInclude>
    <ClInclude Include="DevicePage.xaml.h">
      <Filter>Header Files</Filter>
    </ClInclude>
    <ClInclude Include="OptionsPage.xaml.h">
      <Filter>Header Files</Filter>
    </ClInclude>
    <ClInclude Include="TopologyPage.xaml.h">
      <Filter>Header Files</Filter>
    </ClInclude>
    <ClInclude Include="UserIdlePage.xaml.h">
      <Filter>Header Files</Filter>
    </ClInclude>
    <ClInclude Include="WhitelistDialog.xaml.h">
      <Filter>Header Files</Filter>
    </ClInclude>
    <ClInclude Include="..\Common\common_app_define.h">
      <Filter>Common</Filter>
    </ClInclude>
    <ClInclude Include="..\Common\device.h">
      <Filter>Common</Filter>
    </ClInclude>
    <ClInclude Include="..\Common\ipc_v2.h">
      <Filter>Common</Filter>
    </ClInclude>
    <ClInclude Include="..\Common\log.h">
      <Filter>Common</Filter>
    </ClInclude>
    <ClInclude Include="..\Common\preferences.h">
      <Filter>Common</Filter>
    </ClInclude>
    <ClInclude Include="..\Common\restart_strings.h">
      <Filter>Common</Filter>
    </ClInclude>
    <ClInclude Include="..\Common\tools.h">
      <Filter>Common</Filter>
    </ClInclude>
  </ItemGroup>
  <ItemGroup>
    <Midl Include="App.idl">
      <Filter>IDL Files</Filter>
    </Midl>
    <Midl Include="MainWindow.idl">
      <Filter>IDL Files</Filter>
    </Midl>
    <Midl Include="DevicePage.idl">
      <Filter>IDL Files</Filter>
    </Midl>
    <Midl Include="OptionsPage.idl">
      <Filter>IDL Files</Filter>
    </Midl>
    <Midl Include="TopologyPage.idl">
      <Filter>IDL Files</Filter>
    </Midl>
    <Midl Include="UserIdlePage.idl">
      <Filter>IDL Files</Filter>
    </Midl>
    <Midl Include="WhitelistDialog.idl">
      <Filter>IDL Files</Filter>
    </Midl>
  </ItemGroup>
</Project>
